// !$*UTF8*$!
{
	archiveVersion = 1;
	classes = {
	};
	objectVersion = 46;
	objects = {

/* Begin PBXBuildFile section */
		51667B6D1E0BEBDA00F4B8E0 /* UIImageViewExtension.swift in Sources */ = {isa = PBXBuildFile; fileRef = 51667B6C1E0BEBDA00F4B8E0 /* UIImageViewExtension.swift */; };
		51979C351E0A80DA00B21C6F /* Main.storyboard in Resources */ = {isa = PBXBuildFile; fileRef = 51979C331E0A80DA00B21C6F /* Main.storyboard */; };
		51979C3A1E0A80DA00B21C6F /* LaunchScreen.storyboard in Resources */ = {isa = PBXBuildFile; fileRef = 51979C381E0A80DA00B21C6F /* LaunchScreen.storyboard */; };
		51979C4C1E0A851200B21C6F /* AppDelegate.swift in Sources */ = {isa = PBXBuildFile; fileRef = 51979C481E0A851200B21C6F /* AppDelegate.swift */; };
		51979C501E0A854800B21C6F /* Assets.xcassets in Resources */ = {isa = PBXBuildFile; fileRef = 51979C4F1E0A854800B21C6F /* Assets.xcassets */; };
		51979C521E0A873A00B21C6F /* Info.plist in Resources */ = {isa = PBXBuildFile; fileRef = 51979C511E0A873A00B21C6F /* Info.plist */; };
		51C566661E0B6E890016BF3F /* MainViewController.swift in Sources */ = {isa = PBXBuildFile; fileRef = 51C566641E0B6E890016BF3F /* MainViewController.swift */; };
		51C566671E0B6E890016BF3F /* MainViewController.xib in Resources */ = {isa = PBXBuildFile; fileRef = 51C566651E0B6E890016BF3F /* MainViewController.xib */; };
		51C5666B1E0B71080016BF3F /* apple_icon.png in Resources */ = {isa = PBXBuildFile; fileRef = 51C566691E0B71080016BF3F /* apple_icon.png */; };
		51C5666C1E0B71080016BF3F /* google_icon.png in Resources */ = {isa = PBXBuildFile; fileRef = 51C5666A1E0B71080016BF3F /* google_icon.png */; };
		51C5666F1E0B72A70016BF3F /* AppDefines.swift in Sources */ = {isa = PBXBuildFile; fileRef = 51C5666E1E0B72A70016BF3F /* AppDefines.swift */; };
		51C566731E0B75FC0016BF3F /* ListAdsCell.swift in Sources */ = {isa = PBXBuildFile; fileRef = 51C566711E0B75FC0016BF3F /* ListAdsCell.swift */; };
		51C566741E0B75FC0016BF3F /* ListAdsCell.xib in Resources */ = {isa = PBXBuildFile; fileRef = 51C566721E0B75FC0016BF3F /* ListAdsCell.xib */; };
		51C5667C1E0B91F70016BF3F /* GoogleService-Info.plist in Resources */ = {isa = PBXBuildFile; fileRef = 51C5667B1E0B91F70016BF3F /* GoogleService-Info.plist */; };
		51C5667E1E0BBC920016BF3F /* iAd.framework in Frameworks */ = {isa = PBXBuildFile; fileRef = 51C5667D1E0BBC920016BF3F /* iAd.framework */; };
		51C566801E0BC5FE0016BF3F /* banner_placeholder.PNG in Resources */ = {isa = PBXBuildFile; fileRef = 51C5667F1E0BC5FE0016BF3F /* banner_placeholder.PNG */; };
		9212420110A76CDE198ED88C /* Pods_advertisement.framework in Frameworks */ = {isa = PBXBuildFile; fileRef = 44C32C136123A170285BAE43 /* Pods_advertisement.framework */; };
/* End PBXBuildFile section */

/* Begin PBXFileReference section */
		44C32C136123A170285BAE43 /* Pods_advertisement.framework */ = {isa = PBXFileReference; explicitFileType = wrapper.framework; includeInIndex = 0; path = Pods_advertisement.framework; sourceTree = BUILT_PRODUCTS_DIR; };
		51667B6C1E0BEBDA00F4B8E0 /* UIImageViewExtension.swift */ = {isa = PBXFileReference; fileEncoding = 4; lastKnownFileType = sourcecode.swift; path = UIImageViewExtension.swift; sourceTree = "<group>"; };
		51979C2C1E0A80DA00B21C6F /* advertisement.app */ = {isa = PBXFileReference; explicitFileType = wrapper.application; includeInIndex = 0; path = advertisement.app; sourceTree = BUILT_PRODUCTS_DIR; };
		51979C341E0A80DA00B21C6F /* Base */ = {isa = PBXFileReference; lastKnownFileType = file.storyboard; name = Base; path = Base.lproj/Main.storyboard; sourceTree = "<group>"; };
		51979C391E0A80DA00B21C6F /* Base */ = {isa = PBXFileReference; lastKnownFileType = file.storyboard; name = Base; path = Base.lproj/LaunchScreen.storyboard; sourceTree = "<group>"; };
		51979C481E0A851200B21C6F /* AppDelegate.swift */ = {isa = PBXFileReference; fileEncoding = 4; lastKnownFileType = sourcecode.swift; path = AppDelegate.swift; sourceTree = "<group>"; };
		51979C4F1E0A854800B21C6F /* Assets.xcassets */ = {isa = PBXFileReference; lastKnownFileType = folder.assetcatalog; path = Assets.xcassets; sourceTree = "<group>"; };
		51979C511E0A873A00B21C6F /* Info.plist */ = {isa = PBXFileReference; fileEncoding = 4; lastKnownFileType = text.plist.xml; path = Info.plist; sourceTree = "<group>"; };
		51C566641E0B6E890016BF3F /* MainViewController.swift */ = {isa = PBXFileReference; fileEncoding = 4; lastKnownFileType = sourcecode.swift; path = MainViewController.swift; sourceTree = "<group>"; };
		51C566651E0B6E890016BF3F /* MainViewController.xib */ = {isa = PBXFileReference; fileEncoding = 4; lastKnownFileType = file.xib; path = MainViewController.xib; sourceTree = "<group>"; };
		51C566691E0B71080016BF3F /* apple_icon.png */ = {isa = PBXFileReference; lastKnownFileType = image.png; path = apple_icon.png; sourceTree = "<group>"; };
		51C5666A1E0B71080016BF3F /* google_icon.png */ = {isa = PBXFileReference; lastKnownFileType = image.png; path = google_icon.png; sourceTree = "<group>"; };
		51C5666E1E0B72A70016BF3F /* AppDefines.swift */ = {isa = PBXFileReference; fileEncoding = 4; lastKnownFileType = sourcecode.swift; path = AppDefines.swift; sourceTree = "<group>"; };
		51C566711E0B75FC0016BF3F /* ListAdsCell.swift */ = {isa = PBXFileReference; fileEncoding = 4; lastKnownFileType = sourcecode.swift; path = ListAdsCell.swift; sourceTree = "<group>"; };
		51C566721E0B75FC0016BF3F /* ListAdsCell.xib */ = {isa = PBXFileReference; fileEncoding = 4; lastKnownFileType = file.xib; path = ListAdsCell.xib; sourceTree = "<group>"; };
		51C5667B1E0B91F70016BF3F /* GoogleService-Info.plist */ = {isa = PBXFileReference; fileEncoding = 4; lastKnownFileType = text.plist.xml; path = "GoogleService-Info.plist"; sourceTree = "<group>"; };
		51C5667D1E0BBC920016BF3F /* iAd.framework */ = {isa = PBXFileReference; lastKnownFileType = wrapper.framework; name = iAd.framework; path = System/Library/Frameworks/iAd.framework; sourceTree = SDKROOT; };
		51C5667F1E0BC5FE0016BF3F /* banner_placeholder.PNG */ = {isa = PBXFileReference; lastKnownFileType = image.png; path = banner_placeholder.PNG; sourceTree = "<group>"; };
		D780F3F5AD81ECB5A086948F /* Pods-advertisement.debug.xcconfig */ = {isa = PBXFileReference; includeInIndex = 1; lastKnownFileType = text.xcconfig; name = "Pods-advertisement.debug.xcconfig"; path = "Pods/Target Support Files/Pods-advertisement/Pods-advertisement.debug.xcconfig"; sourceTree = "<group>"; };
		F125DE4167A46E33AE40AFAE /* Pods-advertisement.release.xcconfig */ = {isa = PBXFileReference; includeInIndex = 1; lastKnownFileType = text.xcconfig; name = "Pods-advertisement.release.xcconfig"; path = "Pods/Target Support Files/Pods-advertisement/Pods-advertisement.release.xcconfig"; sourceTree = "<group>"; };
/* End PBXFileReference section */

/* Begin PBXFrameworksBuildPhase section */
		51979C291E0A80DA00B21C6F /* Frameworks */ = {
			isa = PBXFrameworksBuildPhase;
			buildActionMask = 2147483647;
			files = (
				51C5667E1E0BBC920016BF3F /* iAd.framework in Frameworks */,
				9212420110A76CDE198ED88C /* Pods_advertisement.framework in Frameworks */,
			);
			runOnlyForDeploymentPostprocessing = 0;
		};
/* End PBXFrameworksBuildPhase section */

/* Begin PBXGroup section */
		51667B6B1E0BEBCA00F4B8E0 /* Extensions */ = {
			isa = PBXGroup;
			children = (
				51667B6C1E0BEBDA00F4B8E0 /* UIImageViewExtension.swift */,
			);
			path = Extensions;
			sourceTree = "<group>";
		};
		51979C231E0A80DA00B21C6F = {
			isa = PBXGroup;
			children = (
				51979C2E1E0A80DA00B21C6F /* advertisement */,
				51979C2D1E0A80DA00B21C6F /* Products */,
				FDEF50DA5B99413591266DBA /* Pods */,
				FE2C367542DF2A2048B155AB /* Frameworks */,
			);
			sourceTree = "<group>";
		};
		51979C2D1E0A80DA00B21C6F /* Products */ = {
			isa = PBXGroup;
			children = (
				51979C2C1E0A80DA00B21C6F /* advertisement.app */,
			);
			name = Products;
			sourceTree = "<group>";
		};
		51979C2E1E0A80DA00B21C6F /* advertisement */ = {
			isa = PBXGroup;
			children = (
				51C5667B1E0B91F70016BF3F /* GoogleService-Info.plist */,
				51979C511E0A873A00B21C6F /* Info.plist */,
				51979C471E0A851200B21C6F /* App Delegate */,
				51979C491E0A851200B21C6F /* Classes */,
				51979C4A1E0A851200B21C6F /* Main */,
				51979C4E1E0A854800B21C6F /* Resources */,
			);
			path = advertisement;
			sourceTree = "<group>";
		};
		51979C471E0A851200B21C6F /* App Delegate */ = {
			isa = PBXGroup;
			children = (
				51979C481E0A851200B21C6F /* AppDelegate.swift */,
			);
			path = "App Delegate";
			sourceTree = "<group>";
		};
		51979C491E0A851200B21C6F /* Classes */ = {
			isa = PBXGroup;
			children = (
				51667B6B1E0BEBCA00F4B8E0 /* Extensions */,
				51C5666D1E0B72950016BF3F /* AppDefines */,
				51C566631E0B6E7B0016BF3F /* MainViewController */,
			);
			path = Classes;
			sourceTree = "<group>";
		};
		51979C4A1E0A851200B21C6F /* Main */ = {
			isa = PBXGroup;
			children = (
				51979C381E0A80DA00B21C6F /* LaunchScreen.storyboard */,
				51979C331E0A80DA00B21C6F /* Main.storyboard */,
			);
			path = Main;
			sourceTree = "<group>";
		};
		51979C4E1E0A854800B21C6F /* Resources */ = {
			isa = PBXGroup;
			children = (
				51C566681E0B71080016BF3F /* Images */,
				51979C4F1E0A854800B21C6F /* Assets.xcassets */,
			);
			path = Resources;
			sourceTree = "<group>";
		};
		51C566631E0B6E7B0016BF3F /* MainViewController */ = {
			isa = PBXGroup;
			children = (
				51C566701E0B75D00016BF3F /* Cells */,
				51C566641E0B6E890016BF3F /* MainViewController.swift */,
				51C566651E0B6E890016BF3F /* MainViewController.xib */,
			);
			path = MainViewController;
			sourceTree = "<group>";
		};
		51C566681E0B71080016BF3F /* Images */ = {
			isa = PBXGroup;
			children = (
				51C566691E0B71080016BF3F /* apple_icon.png */,
				51C5667F1E0BC5FE0016BF3F /* banner_placeholder.PNG */,
				51C5666A1E0B71080016BF3F /* google_icon.png */,
			);
			path = Images;
			sourceTree = "<group>";
		};
		51C5666D1E0B72950016BF3F /* AppDefines */ = {
			isa = PBXGroup;
			children = (
				51C5666E1E0B72A70016BF3F /* AppDefines.swift */,
			);
			path = AppDefines;
			sourceTree = "<group>";
		};
		51C566701E0B75D00016BF3F /* Cells */ = {
			isa = PBXGroup;
			children = (
				51C566711E0B75FC0016BF3F /* ListAdsCell.swift */,
				51C566721E0B75FC0016BF3F /* ListAdsCell.xib */,
			);
			path = Cells;
			sourceTree = "<group>";
		};
		FDEF50DA5B99413591266DBA /* Pods */ = {
			isa = PBXGroup;
			children = (
				D780F3F5AD81ECB5A086948F /* Pods-advertisement.debug.xcconfig */,
				F125DE4167A46E33AE40AFAE /* Pods-advertisement.release.xcconfig */,
			);
			name = Pods;
			sourceTree = "<group>";
		};
		FE2C367542DF2A2048B155AB /* Frameworks */ = {
			isa = PBXGroup;
			children = (
				51C5667D1E0BBC920016BF3F /* iAd.framework */,
				44C32C136123A170285BAE43 /* Pods_advertisement.framework */,
			);
			name = Frameworks;
			sourceTree = "<group>";
		};
/* End PBXGroup section */

/* Begin PBXNativeTarget section */
		51979C2B1E0A80DA00B21C6F /* advertisement */ = {
			isa = PBXNativeTarget;
			buildConfigurationList = 51979C3E1E0A80DA00B21C6F /* Build configuration list for PBXNativeTarget "advertisement" */;
			buildPhases = (
				35A29AF9E394269957799D0A /* [CP] Check Pods Manifest.lock */,
				51979C281E0A80DA00B21C6F /* Sources */,
				51979C291E0A80DA00B21C6F /* Frameworks */,
				51979C2A1E0A80DA00B21C6F /* Resources */,
				B08C41836A60F7E11A53CCEB /* [CP] Embed Pods Frameworks */,
				7568E45FD5B9871F41B69FD2 /* [CP] Copy Pods Resources */,
				51C566811E0BD29F0016BF3F /* ShellScript */,
			);
			buildRules = (
			);
			dependencies = (
			);
			name = advertisement;
			productName = advertisement;
			productReference = 51979C2C1E0A80DA00B21C6F /* advertisement.app */;
			productType = "com.apple.product-type.application";
		};
/* End PBXNativeTarget section */

/* Begin PBXProject section */
		51979C241E0A80DA00B21C6F /* Project object */ = {
			isa = PBXProject;
			attributes = {
				LastSwiftUpdateCheck = 0810;
				LastUpgradeCheck = 0810;
				ORGANIZATIONNAME = "Leo LE";
				TargetAttributes = {
					51979C2B1E0A80DA00B21C6F = {
						CreatedOnToolsVersion = 8.1;
						DevelopmentTeam = WNM28K894G;
						ProvisioningStyle = Automatic;
					};
				};
			};
			buildConfigurationList = 51979C271E0A80DA00B21C6F /* Build configuration list for PBXProject "advertisement" */;
			compatibilityVersion = "Xcode 3.2";
			developmentRegion = English;
			hasScannedForEncodings = 0;
			knownRegions = (
				en,
				Base,
			);
			mainGroup = 51979C231E0A80DA00B21C6F;
			productRefGroup = 51979C2D1E0A80DA00B21C6F /* Products */;
			projectDirPath = "";
			projectRoot = "";
			targets = (
				51979C2B1E0A80DA00B21C6F /* advertisement */,
			);
		};
/* End PBXProject section */

/* Begin PBXResourcesBuildPhase section */
		51979C2A1E0A80DA00B21C6F /* Resources */ = {
			isa = PBXResourcesBuildPhase;
			buildActionMask = 2147483647;
			files = (
				51979C521E0A873A00B21C6F /* Info.plist in Resources */,
				51C566801E0BC5FE0016BF3F /* banner_placeholder.PNG in Resources */,
				51979C3A1E0A80DA00B21C6F /* LaunchScreen.storyboard in Resources */,
				51C566671E0B6E890016BF3F /* MainViewController.xib in Resources */,
				51C5666B1E0B71080016BF3F /* apple_icon.png in Resources */,
				51C566741E0B75FC0016BF3F /* ListAdsCell.xib in Resources */,
				51979C501E0A854800B21C6F /* Assets.xcassets in Resources */,
				51C5667C1E0B91F70016BF3F /* GoogleService-Info.plist in Resources */,
				51C5666C1E0B71080016BF3F /* google_icon.png in Resources */,
				51979C351E0A80DA00B21C6F /* Main.storyboard in Resources */,
			);
			runOnlyForDeploymentPostprocessing = 0;
		};
/* End PBXResourcesBuildPhase section */

/* Begin PBXShellScriptBuildPhase section */
		35A29AF9E394269957799D0A /* [CP] Check Pods Manifest.lock */ = {
			isa = PBXShellScriptBuildPhase;
			buildActionMask = 2147483647;
			files = (
			);
			inputPaths = (
			);
			name = "[CP] Check Pods Manifest.lock";
			outputPaths = (
			);
			runOnlyForDeploymentPostprocessing = 0;
			shellPath = /bin/sh;
			shellScript = "diff \"${PODS_ROOT}/../Podfile.lock\" \"${PODS_ROOT}/Manifest.lock\" > /dev/null\nif [ $? != 0 ] ; then\n    # print error to STDERR\n    echo \"error: The sandbox is not in sync with the Podfile.lock. Run 'pod install' or update your CocoaPods installation.\" >&2\n    exit 1\nfi\n";
			showEnvVarsInLog = 0;
		};
		51C566811E0BD29F0016BF3F /* ShellScript */ = {
			isa = PBXShellScriptBuildPhase;
			buildActionMask = 2147483647;
			files = (
			);
			inputPaths = (
			);
			outputPaths = (
			);
			runOnlyForDeploymentPostprocessing = 0;
			shellPath = /bin/sh;
			shellScript = "\"${PODS_ROOT}/Fabric/run\" 62ec08d2275e45b13914fc22e3ace06d1648d81f ab70f9386d67d5bba864e5cce8a4447d1ada966628e811b745f400dcc075802b";
		};
		7568E45FD5B9871F41B69FD2 /* [CP] Copy Pods Resources */ = {
			isa = PBXShellScriptBuildPhase;
			buildActionMask = 2147483647;
			files = (
			);
			inputPaths = (
			);
			name = "[CP] Copy Pods Resources";
			outputPaths = (
			);
			runOnlyForDeploymentPostprocessing = 0;
			shellPath = /bin/sh;
			shellScript = "\"${SRCROOT}/Pods/Target Support Files/Pods-advertisement/Pods-advertisement-resources.sh\"\n";
			showEnvVarsInLog = 0;
		};
		B08C41836A60F7E11A53CCEB /* [CP] Embed Pods Frameworks */ = {
			isa = PBXShellScriptBuildPhase;
			buildActionMask = 2147483647;
			files = (
			);
			inputPaths = (
			);
			name = "[CP] Embed Pods Frameworks";
			outputPaths = (
			);
			runOnlyForDeploymentPostprocessing = 0;
			shellPath = /bin/sh;
			shellScript = "\"${SRCROOT}/Pods/Target Support Files/Pods-advertisement/Pods-advertisement-frameworks.sh\"\n";
			showEnvVarsInLog = 0;
		};
/* End PBXShellScriptBuildPhase section */

/* Begin PBXSourcesBuildPhase section */
		51979C281E0A80DA00B21C6F /* Sources */ = {
			isa = PBXSourcesBuildPhase;
			buildActionMask = 2147483647;
			files = (
				51667B6D1E0BEBDA00F4B8E0 /* UIImageViewExtension.swift in Sources */,
				51C566731E0B75FC0016BF3F /* ListAdsCell.swift in Sources */,
				51C5666F1E0B72A70016BF3F /* AppDefines.swift in Sources */,
				51979C4C1E0A851200B21C6F /* AppDelegate.swift in Sources */,
				51C566661E0B6E890016BF3F /* MainViewController.swift in Sources */,
			);
			runOnlyForDeploymentPostprocessing = 0;
		};
/* End PBXSourcesBuildPhase section */

/* Begin PBXVariantGroup section */
		51979C331E0A80DA00B21C6F /* Main.storyboard */ = {
			isa = PBXVariantGroup;
			children = (
				51979C341E0A80DA00B21C6F /* Base */,
			);
			name = Main.storyboard;
			path = ..;
			sourceTree = "<group>";
		};
		51979C381E0A80DA00B21C6F /* LaunchScreen.storyboard */ = {
			isa = PBXVariantGroup;
			children = (
				51979C391E0A80DA00B21C6F /* Base */,
			);
			name = LaunchScreen.storyboard;
			path = ..;
			sourceTree = "<group>";
		};
/* End PBXVariantGroup section */

/* Begin XCBuildConfiguration section */
		51979C3C1E0A80DA00B21C6F /* Debug */ = {
			isa = XCBuildConfiguration;
			buildSettings = {
				ALWAYS_SEARCH_USER_PATHS = NO;
				CLANG_ANALYZER_NONNULL = YES;
				CLANG_CXX_LANGUAGE_STANDARD = "gnu++0x";
				CLANG_CXX_LIBRARY = "libc++";
				CLANG_ENABLE_MODULES = YES;
				CLANG_ENABLE_OBJC_ARC = YES;
				CLANG_WARN_BOOL_CONVERSION = YES;
				CLANG_WARN_CONSTANT_CONVERSION = YES;
				CLANG_WARN_DIRECT_OBJC_ISA_USAGE = YES_ERROR;
				CLANG_WARN_DOCUMENTATION_COMMENTS = YES;
				CLANG_WARN_EMPTY_BODY = YES;
				CLANG_WARN_ENUM_CONVERSION = YES;
				CLANG_WARN_INFINITE_RECURSION = YES;
				CLANG_WARN_INT_CONVERSION = YES;
				CLANG_WARN_OBJC_ROOT_CLASS = YES_ERROR;
				CLANG_WARN_SUSPICIOUS_MOVES = YES;
				CLANG_WARN_UNREACHABLE_CODE = YES;
				CLANG_WARN__DUPLICATE_METHOD_MATCH = YES;
				"CODE_SIGN_IDENTITY[sdk=iphoneos*]" = "iPhone Developer";
				COPY_PHASE_STRIP = NO;
				DEBUG_INFORMATION_FORMAT = dwarf;
				ENABLE_STRICT_OBJC_MSGSEND = YES;
				ENABLE_TESTABILITY = YES;
				GCC_C_LANGUAGE_STANDARD = gnu99;
				GCC_DYNAMIC_NO_PIC = NO;
				GCC_NO_COMMON_BLOCKS = YES;
				GCC_OPTIMIZATION_LEVEL = 0;
				GCC_PREPROCESSOR_DEFINITIONS = (
					"DEBUG=1",
					"$(inherited)",
				);
				GCC_WARN_64_TO_32_BIT_CONVERSION = YES;
				GCC_WARN_ABOUT_RETURN_TYPE = YES_ERROR;
				GCC_WARN_UNDECLARED_SELECTOR = YES;
				GCC_WARN_UNINITIALIZED_AUTOS = YES_AGGRESSIVE;
				GCC_WARN_UNUSED_FUNCTION = YES;
				GCC_WARN_UNUSED_VARIABLE = YES;
				IPHONEOS_DEPLOYMENT_TARGET = 10.1;
				MTL_ENABLE_DEBUG_INFO = YES;
				ONLY_ACTIVE_ARCH = YES;
				SDKROOT = iphoneos;
				SWIFT_ACTIVE_COMPILATION_CONDITIONS = DEBUG;
				SWIFT_OPTIMIZATION_LEVEL = "-Onone";
				TARGETED_DEVICE_FAMILY = "1,2";
			};
			name = Debug;
		};
		51979C3D1E0A80DA00B21C6F /* Release */ = {
			isa = XCBuildConfiguration;
			buildSettings = {
				ALWAYS_SEARCH_USER_PATHS = NO;
				CLANG_ANALYZER_NONNULL = YES;
				CLANG_CXX_LANGUAGE_STANDARD = "gnu++0x";
				CLANG_CXX_LIBRARY = "libc++";
				CLANG_ENABLE_MODULES = YES;
				CLANG_ENABLE_OBJC_ARC = YES;
				CLANG_WARN_BOOL_CONVERSION = YES;
				CLANG_WARN_CONSTANT_CONVERSION = YES;
				CLANG_WARN_DIRECT_OBJC_ISA_USAGE = YES_ERROR;
				CLANG_WARN_DOCUMENTATION_COMMENTS = YES;
				CLANG_WARN_EMPTY_BODY = YES;
				CLANG_WARN_ENUM_CONVERSION = YES;
				CLANG_WARN_INFINITE_RECURSION = YES;
				CLANG_WARN_INT_CONVERSION = YES;
				CLANG_WARN_OBJC_ROOT_CLASS = YES_ERROR;
				CLANG_WARN_SUSPICIOUS_MOVES = YES;
				CLANG_WARN_UNREACHABLE_CODE = YES;
				CLANG_WARN__DUPLICATE_METHOD_MATCH = YES;
				"CODE_SIGN_IDENTITY[sdk=iphoneos*]" = "iPhone Developer";
				COPY_PHASE_STRIP = NO;
				DEBUG_INFORMATION_FORMAT = "dwarf-with-dsym";
				ENABLE_NS_ASSERTIONS = NO;
				ENABLE_STRICT_OBJC_MSGSEND = YES;
				GCC_C_LANGUAGE_STANDARD = gnu99;
				GCC_NO_COMMON_BLOCKS = YES;
				GCC_WARN_64_TO_32_BIT_CONVERSION = YES;
				GCC_WARN_ABOUT_RETURN_TYPE = YES_ERROR;
				GCC_WARN_UNDECLARED_SELECTOR = YES;
				GCC_WARN_UNINITIALIZED_AUTOS = YES_AGGRESSIVE;
				GCC_WARN_UNUSED_FUNCTION = YES;
				GCC_WARN_UNUSED_VARIABLE = YES;
				IPHONEOS_DEPLOYMENT_TARGET = 10.1;
				MTL_ENABLE_DEBUG_INFO = NO;
				SDKROOT = iphoneos;
				SWIFT_OPTIMIZATION_LEVEL = "-Owholemodule";
				TARGETED_DEVICE_FAMILY = "1,2";
				VALIDATE_PRODUCT = YES;
			};
			name = Release;
		};
		51979C3F1E0A80DA00B21C6F /* Debug */ = {
			isa = XCBuildConfiguration;
			baseConfigurationReference = D780F3F5AD81ECB5A086948F /* Pods-advertisement.debug.xcconfig */;
			buildSettings = {
				ASSETCATALOG_COMPILER_APPICON_NAME = AppIcon;
				"CODE_SIGN_IDENTITY[sdk=iphoneos*]" = "iPhone Developer";
				DEVELOPMENT_TEAM = WNM28K894G;
				INFOPLIST_FILE = advertisement/Info.plist;
				IPHONEOS_DEPLOYMENT_TARGET = 8.0;
				LD_RUNPATH_SEARCH_PATHS = "$(inherited) @executable_path/Frameworks";
				PRODUCT_BUNDLE_IDENTIFIER = "com.LeoLE.advertisement-app";
				PRODUCT_NAME = "$(TARGET_NAME)";
				SWIFT_VERSION = 3.0;
			};
			name = Debug;
		};
		51979C401E0A80DA00B21C6F /* Release */ = {
			isa = XCBuildConfiguration;
			baseConfigurationReference = F125DE4167A46E33AE40AFAE /* Pods-advertisement.release.xcconfig */;
			buildSettings = {
				ASSETCATALOG_COMPILER_APPICON_NAME = AppIcon;
				"CODE_SIGN_IDENTITY[sdk=iphoneos*]" = "iPhone Developer";
				DEVELOPMENT_TEAM = WNM28K894G;
				INFOPLIST_FILE = advertisement/Info.plist;
				IPHONEOS_DEPLOYMENT_TARGET = 8.0;
				LD_RUNPATH_SEARCH_PATHS = "$(inherited) @executable_path/Frameworks";
				PRODUCT_BUNDLE_IDENTIFIER = "com.LeoLE.advertisement-app";
				PRODUCT_NAME = "$(TARGET_NAME)";
				SWIFT_VERSION = 3.0;
			};
			name = Release;
		};
/* End XCBuildConfiguration section */

/* Begin XCConfigurationList section */
		51979C271E0A80DA00B21C6F /* Build configuration list for PBXProject "advertisement" */ = {
			isa = XCConfigurationList;
			buildConfigurations = (
				51979C3C1E0A80DA00B21C6F /* Debug */,
				51979C3D1E0A80DA00B21C6F /* Release */,
			);
			defaultConfigurationIsVisible = 0;
			defaultConfigurationName = Release;
		};
		51979C3E1E0A80DA00B21C6F /* Build configuration list for PBXNativeTarget "advertisement" */ = {
			isa = XCConfigurationList;
			buildConfigurations = (
				51979C3F1E0A80DA00B21C6F /* Debug */,
				51979C401E0A80DA00B21C6F /* Release */,
			);
			defaultConfigurationIsVisible = 0;
			defaultConfigurationName = Release;
		};
/* End XCConfigurationList section */
	};
	rootObject = 51979C241E0A80DA00B21C6F /* Project object */;
}
